
Microsoft Visual Studio Solution File, Format Version 12.00
# Visual Studio Version 17
VisualStudioVersion = 17.13.35825.156 d17.13
MinimumVisualStudioVersion = 10.0.40219.1
Project("{FAE04EC0-301F-11D3-BF4B-00C04F79EFBC}") = "TodoApplication", "TodoApplication\TodoApplication.csproj", "{EBE114B1-C3A4-4B60-B228-25BF5C28C504}"
EndProject
Global
	GlobalSection(SolutionConfigurationPlatforms) = preSolution
		Debug|Any CPU = Debug|Any CPU
		Release|Any CPU = Release|Any CPU
	EndGlobalSection
	GlobalSection(ProjectConfigurationPlatforms) = postSolution
		{EBE114B1-C3A4-4B60-B228-25BF5C28C504}.Debug|Any CPU.ActiveCfg = Debug|Any CPU
		{EBE114B1-C3A4-4B60-B228-25BF5C28C504}.Debug|Any CPU.Build.0 = Debug|Any CPU
		{EBE114B1-C3A4-4B60-B228-25BF5C28C504}.Release|Any CPU.ActiveCfg = Release|Any CPU
		{EBE114B1-C3A4-4B60-B228-25BF5C28C504}.Release|Any CPU.Build.0 = Release|Any CPU
	EndGlobalSection
	GlobalSection(SolutionProperties) = preSolution
		HideSolutionNode = FALSE
	EndGlobalSection
	GlobalSection(ExtensibilityGlobals) = postSolution
		SolutionGuid = {75932495-D801-4459-A32A-54E343B805D8}
	EndGlobalSection
EndGlobal
